
Microsoft Visual Studio Solution File, Format Version 12.00
# Visual Studio Version 16
VisualStudioVersion = 16.0.30717.126
MinimumVisualStudioVersion = 10.0.40219.1
Project("{9A19103F-16F7-4668-BE54-9A1E7A4F7556}") = "Urania.Core", "Urania.Core\Urania.Core.csproj", "{A36AB9FC-9807-495B-B56B-9D3AE7628F6D}"
EndProject
Project("{9A19103F-16F7-4668-BE54-9A1E7A4F7556}") = "Urania.Tests", "Urania.Tests\Urania.Tests.csproj", "{B8287087-B37C-44F1-A65F-0D72041195F0}"
EndProject
Project("{9A19103F-16F7-4668-BE54-9A1E7A4F7556}") = "Urania.Desktop", "Urania.Desktop\Urania.Desktop.csproj", "{2EDB4A6C-EF12-4378-91C3-DE7562C14A58}"
EndProject
Project("{54435603-DBB4-11D2-8724-00A0C9A8B90C}") = "Urania.Installer", "Urania.Installer\Urania.Installer.vdproj", "{96F20A80-B3BC-46CF-846B-341A7D66DCE4}"
EndProject
Global
	GlobalSection(SolutionConfigurationPlatforms) = preSolution
		Debug|Any CPU = Debug|Any CPU
		Release|Any CPU = Release|Any CPU
	EndGlobalSection
	GlobalSection(ProjectConfigurationPlatforms) = postSolution
		{A36AB9FC-9807-495B-B56B-9D3AE7628F6D}.Debug|Any CPU.ActiveCfg = Debug|Any CPU
		{A36AB9FC-9807-495B-B56B-9D3AE7628F6D}.Debug|Any CPU.Build.0 = Debug|Any CPU
		{A36AB9FC-9807-495B-B56B-9D3AE7628F6D}.Release|Any CPU.ActiveCfg = Release|Any CPU
		{A36AB9FC-9807-495B-B56B-9D3AE7628F6D}.Release|Any CPU.Build.0 = Release|Any CPU
		{B8287087-B37C-44F1-A65F-0D72041195F0}.Debug|Any CPU.ActiveCfg = Debug|Any CPU
		{B8287087-B37C-44F1-A65F-0D72041195F0}.Debug|Any CPU.Build.0 = Debug|Any CPU
		{B8287087-B37C-44F1-A65F-0D72041195F0}.Release|Any CPU.ActiveCfg = Release|Any CPU
		{B8287087-B37C-44F1-A65F-0D72041195F0}.Release|Any CPU.Build.0 = Release|Any CPU
		{2EDB4A6C-EF12-4378-91C3-DE7562C14A58}.Debug|Any CPU.ActiveCfg = Debug|Any CPU
		{2EDB4A6C-EF12-4378-91C3-DE7562C14A58}.Debug|Any CPU.Build.0 = Debug|Any CPU
		{2EDB4A6C-EF12-4378-91C3-DE7562C14A58}.Release|Any CPU.ActiveCfg = Release|Any CPU
		{2EDB4A6C-EF12-4378-91C3-DE7562C14A58}.Release|Any CPU.Build.0 = Release|Any CPU
		{96F20A80-B3BC-46CF-846B-341A7D66DCE4}.Debug|Any CPU.ActiveCfg = Release
		{96F20A80-B3BC-46CF-846B-341A7D66DCE4}.Release|Any CPU.ActiveCfg = Release
	EndGlobalSection
	GlobalSection(SolutionProperties) = preSolution
		HideSolutionNode = FALSE
	EndGlobalSection
	GlobalSection(ExtensibilityGlobals) = postSolution
		SolutionGuid = {043F9F73-ED77-48C9-B4A3-CE8CD9BF2970}
	EndGlobalSection
EndGlobal
