
Microsoft Visual Studio Solution File, Format Version 12.00
# Visual Studio Version 16
VisualStudioVersion = 16.0.30717.126
MinimumVisualStudioVersion = 10.0.40219.1
Project("{FAE04EC0-301F-11D3-BF4B-00C04F79EFBC}") = "Urania", "Urania.csproj", "{B0AE89A4-8C3B-4BD6-BC87-59275A18DE01}"
EndProject
Global
	GlobalSection(SolutionConfigurationPlatforms) = preSolution
		Debug|Any CPU = Debug|Any CPU
		Release|Any CPU = Release|Any CPU
	EndGlobalSection
	GlobalSection(ProjectConfigurationPlatforms) = postSolution
		{B0AE89A4-8C3B-4BD6-BC87-59275A18DE01}.Debug|Any CPU.ActiveCfg = Debug|Any CPU
		{B0AE89A4-8C3B-4BD6-BC87-59275A18DE01}.Debug|Any CPU.Build.0 = Debug|Any CPU
		{B0AE89A4-8C3B-4BD6-BC87-59275A18DE01}.Release|Any CPU.ActiveCfg = Release|Any CPU
		{B0AE89A4-8C3B-4BD6-BC87-59275A18DE01}.Release|Any CPU.Build.0 = Release|Any CPU
	EndGlobalSection
	GlobalSection(SolutionProperties) = preSolution
		HideSolutionNode = FALSE
	EndGlobalSection
	GlobalSection(ExtensibilityGlobals) = postSolution
		SolutionGuid = {E0F453DB-377B-40F7-854E-51BAB2EE702E}
	EndGlobalSection
EndGlobal
